
Microsoft Visual Studio Solution File, Format Version 12.00
# Visual Studio Version 17
VisualStudioVersion = 17.5.33424.131
MinimumVisualStudioVersion = 10.0.40219.1
Project("{FAE04EC0-301F-11D3-BF4B-00C04F79EFBC}") = "Presupuestos", "Presupuestos.csproj", "{5DD7AD37-9739-4BD4-91ED-3896E7C366F6}"
EndProject
Global
	GlobalSection(SolutionConfigurationPlatforms) = preSolution
		Debug|Any CPU = Debug|Any CPU
		Release|Any CPU = Release|Any CPU
	EndGlobalSection
	GlobalSection(ProjectConfigurationPlatforms) = postSolution
		{5DD7AD37-9739-4BD4-91ED-3896E7C366F6}.Debug|Any CPU.ActiveCfg = Debug|Any CPU
		{5DD7AD37-9739-4BD4-91ED-3896E7C366F6}.Debug|Any CPU.Build.0 = Debug|Any CPU
		{5DD7AD37-9739-4BD4-91ED-3896E7C366F6}.Release|Any CPU.ActiveCfg = Release|Any CPU
		{5DD7AD37-9739-4BD4-91ED-3896E7C366F6}.Release|Any CPU.Build.0 = Release|Any CPU
	EndGlobalSection
	GlobalSection(SolutionProperties) = preSolution
		HideSolutionNode = FALSE
	EndGlobalSection
	GlobalSection(ExtensibilityGlobals) = postSolution
		SolutionGuid = {39424FA9-8004-48FF-964E-A6FA6769CB9C}
	EndGlobalSection
EndGlobal
